{
    "name": "itpe-flash",
    "version": "1.0.0",
    "lockfileVersion": 3,
    "requires": true,
    "packages": {
        "": {
            "name": "itpe-flash",
            "version": "1.0.0",
            "dependencies": {
                "@ai-sdk/google": "^2.0.0",
                "@ai-sdk/openai": "^2.0.0",
                "ai": "^5.0.0",
                "aws4fetch": "^1.0.20",
                "zod": "^3.23.0"
            },
            "engines": {
                "node": ">=20.0.0"
            }
        },
        "node_modules/@ai-sdk/gateway": {
            "version": "2.0.93",
            "license": "Apache-2.0",
            "dependencies": {
                "@ai-sdk/provider": "2.0.3",
                "@ai-sdk/provider-utils": "3.0.25",
                "@vercel/oidc": "3.1.0"
            },
            "engines": {
                "node": ">=18"
            },
            "peerDependencies": {
                "zod": "^3.25.76 || ^4.1.8"
            }
        },
        "node_modules/@ai-sdk/google": {
            "version": "2.0.74",
            "license": "Apache-2.0",
            "dependencies": {
                "@ai-sdk/provider": "2.0.3",
                "@ai-sdk/provider-utils": "3.0.25"
            },
            "engines": {
                "node": ">=18"
            },
            "peerDependencies": {
                "zod": "^3.25.76 || ^4.1.8"
            }
        },
        "node_modules/@ai-sdk/openai": {
            "version": "2.0.106",
            "license": "Apache-2.0",
            "dependencies": {
                "@ai-sdk/provider": "2.0.3",
                "@ai-sdk/provider-utils": "3.0.25"
            },
            "engines": {
                "node": ">=18"
            },
            "peerDependencies": {
                "zod": "^3.25.76 || ^4.1.8"
            }
        },
        "node_modules/@ai-sdk/provider": {
            "version": "2.0.3",
            "license": "Apache-2.0",
            "dependencies": {
                "json-schema": "^0.4.0"
            },
            "engines": {
                "node": ">=18"
            }
        },
        "node_modules/@ai-sdk/provider-utils": {
            "version": "3.0.25",
            "license": "Apache-2.0",
            "dependencies": {
                "@ai-sdk/provider": "2.0.3",
                "@standard-schema/spec": "^1.0.0",
                "eventsource-parser": "^3.0.6"
            },
            "engines": {
                "node": ">=18"
            },
            "peerDependencies": {
                "zod": "^3.25.76 || ^4.1.8"
            }
        },
        "node_modules/@opentelemetry/api": {
            "version": "1.9.0",
            "license": "Apache-2.0",
            "engines": {
                "node": ">=8.0.0"
            }
        },
        "node_modules/@standard-schema/spec": {
            "version": "1.1.0",
            "license": "MIT"
        },
        "node_modules/@vercel/oidc": {
            "version": "3.1.0",
            "license": "Apache-2.0",
            "engines": {
                "node": ">= 20"
            }
        },
        "node_modules/ai": {
            "version": "5.0.192",
            "license": "Apache-2.0",
            "dependencies": {
                "@ai-sdk/gateway": "2.0.93",
                "@ai-sdk/provider": "2.0.3",
                "@ai-sdk/provider-utils": "3.0.25",
                "@opentelemetry/api": "1.9.0"
            },
            "engines": {
                "node": ">=18"
            },
            "peerDependencies": {
                "zod": "^3.25.76 || ^4.1.8"
            }
        },
        "node_modules/aws4fetch": {
            "version": "1.0.20",
            "resolved": "https://registry.npmjs.org/aws4fetch/-/aws4fetch-1.0.20.tgz",
            "integrity": "sha512-/djoAN709iY65ETD6LKCtyyEI04XIBP5xVvfmNxsEP0uJB5tyaGBztSryRr4HqMStr9R06PisQE7m9zDTXKu6g==",
            "license": "MIT"
        },
        "node_modules/eventsource-parser": {
            "version": "3.0.8",
            "license": "MIT",
            "engines": {
                "node": ">=18.0.0"
            }
        },
        "node_modules/json-schema": {
            "version": "0.4.0",
            "license": "(AFL-2.1 OR BSD-3-Clause)"
        },
        "node_modules/zod": {
            "version": "3.25.76",
            "license": "MIT",
            "funding": {
                "url": "https://github.com/sponsors/colinhacks"
            }
        }
    }
}
